
Microsoft Visual Studio Solution File, Format Version 12.00
# Visual Studio 15
VisualStudioVersion = 15.0.26730.16
MinimumVisualStudioVersion = 10.0.40219.1
Project("{FAE04EC0-301F-11D3-BF4B-00C04F79EFBC}") = "DisiMobile.Android", "DisiMobile\DisiMobile.Android\DisiMobile.Android.csproj", "{FA72746E-9D56-4F5B-AD56-4A79151FC171}"
EndProject
Project("{FAE04EC0-301F-11D3-BF4B-00C04F79EFBC}") = "DisiMobile", "DisiMobile\DisiMobile\DisiMobile.csproj", "{7D939DCF-C631-450F-BB05-6E51878F2AA3}"
EndProject
Project("{FAE04EC0-301F-11D3-BF4B-00C04F79EFBC}") = "DisiMobile.iOS", "DisiMobile\DisiMobile.iOS\DisiMobile.iOS.csproj", "{F504383C-4240-4AD6-85E3-DB3293A58B4D}"
EndProject
Project("{FAE04EC0-301F-11D3-BF4B-00C04F79EFBC}") = "Disi.Services", "Disi.Services\Disi.Services.csproj", "{1CF9A7F1-6B73-4F6E-8992-7C7B22BBDF4E}"
EndProject
Global
	GlobalSection(SolutionConfigurationPlatforms) = preSolution
		Ad-Hoc|Any CPU = Ad-Hoc|Any CPU
		Ad-Hoc|iPhone = Ad-Hoc|iPhone
		Ad-Hoc|iPhoneSimulator = Ad-Hoc|iPhoneSimulator
		AppStore|Any CPU = AppStore|Any CPU
		AppStore|iPhone = AppStore|iPhone
		AppStore|iPhoneSimulator = AppStore|iPhoneSimulator
		Debug|Any CPU = Debug|Any CPU
		Debug|iPhone = Debug|iPhone
		Debug|iPhoneSimulator = Debug|iPhoneSimulator
		Release|Any CPU = Release|Any CPU
		Release|iPhone = Release|iPhone
		Release|iPhoneSimulator = Release|iPhoneSimulator
	EndGlobalSection
	GlobalSection(ProjectConfigurationPlatforms) = postSolution
		{FA72746E-9D56-4F5B-AD56-4A79151FC171}.Ad-Hoc|Any CPU.ActiveCfg = Release|Any CPU
		{FA72746E-9D56-4F5B-AD56-4A79151FC171}.Ad-Hoc|Any CPU.Build.0 = Release|Any CPU
		{FA72746E-9D56-4F5B-AD56-4A79151FC171}.Ad-Hoc|Any CPU.Deploy.0 = Release|Any CPU
		{FA72746E-9D56-4F5B-AD56-4A79151FC171}.Ad-Hoc|iPhone.ActiveCfg = Release|Any CPU
		{FA72746E-9D56-4F5B-AD56-4A79151FC171}.Ad-Hoc|iPhone.Build.0 = Release|Any CPU
		{FA72746E-9D56-4F5B-AD56-4A79151FC171}.Ad-Hoc|iPhone.Deploy.0 = Release|Any CPU
		{FA72746E-9D56-4F5B-AD56-4A79151FC171}.Ad-Hoc|iPhoneSimulator.ActiveCfg = Release|Any CPU
		{FA72746E-9D56-4F5B-AD56-4A79151FC171}.Ad-Hoc|iPhoneSimulator.Build.0 = Release|Any CPU
		{FA72746E-9D56-4F5B-AD56-4A79151FC171}.Ad-Hoc|iPhoneSimulator.Deploy.0 = Release|Any CPU
		{FA72746E-9D56-4F5B-AD56-4A79151FC171}.AppStore|Any CPU.ActiveCfg = Release|Any CPU
		{FA72746E-9D56-4F5B-AD56-4A79151FC171}.AppStore|Any CPU.Build.0 = Release|Any CPU
		{FA72746E-9D56-4F5B-AD56-4A79151FC171}.AppStore|Any CPU.Deploy.0 = Release|Any CPU
		{FA72746E-9D56-4F5B-AD56-4A79151FC171}.AppStore|iPhone.ActiveCfg = Release|Any CPU
		{FA72746E-9D56-4F5B-AD56-4A79151FC171}.AppStore|iPhone.Build.0 = Release|Any CPU
		{FA72746E-9D56-4F5B-AD56-4A79151FC171}.AppStore|iPhone.Deploy.0 = Release|Any CPU
		{FA72746E-9D56-4F5B-AD56-4A79151FC171}.AppStore|iPhoneSimulator.ActiveCfg = Release|Any CPU
		{FA72746E-9D56-4F5B-AD56-4A79151FC171}.AppStore|iPhoneSimulator.Build.0 = Release|Any CPU
		{FA72746E-9D56-4F5B-AD56-4A79151FC171}.AppStore|iPhoneSimulator.Deploy.0 = Release|Any CPU
		{FA72746E-9D56-4F5B-AD56-4A79151FC171}.Debug|Any CPU.ActiveCfg = Debug|Any CPU
		{FA72746E-9D56-4F5B-AD56-4A79151FC171}.Debug|Any CPU.Build.0 = Debug|Any CPU
		{FA72746E-9D56-4F5B-AD56-4A79151FC171}.Debug|Any CPU.Deploy.0 = Debug|Any CPU
		{FA72746E-9D56-4F5B-AD56-4A79151FC171}.Debug|iPhone.ActiveCfg = Debug|Any CPU
		{FA72746E-9D56-4F5B-AD56-4A79151FC171}.Debug|iPhone.Build.0 = Debug|Any CPU
		{FA72746E-9D56-4F5B-AD56-4A79151FC171}.Debug|iPhone.Deploy.0 = Debug|Any CPU
		{FA72746E-9D56-4F5B-AD56-4A79151FC171}.Debug|iPhoneSimulator.ActiveCfg = Debug|Any CPU
		{FA72746E-9D56-4F5B-AD56-4A79151FC171}.Debug|iPhoneSimulator.Build.0 = Debug|Any CPU
		{FA72746E-9D56-4F5B-AD56-4A79151FC171}.Debug|iPhoneSimulator.Deploy.0 = Debug|Any CPU
		{FA72746E-9D56-4F5B-AD56-4A79151FC171}.Release|Any CPU.ActiveCfg = Release|Any CPU
		{FA72746E-9D56-4F5B-AD56-4A79151FC171}.Release|Any CPU.Build.0 = Release|Any CPU
		{FA72746E-9D56-4F5B-AD56-4A79151FC171}.Release|Any CPU.Deploy.0 = Release|Any CPU
		{FA72746E-9D56-4F5B-AD56-4A79151FC171}.Release|iPhone.ActiveCfg = Release|Any CPU
		{FA72746E-9D56-4F5B-AD56-4A79151FC171}.Release|iPhone.Build.0 = Release|Any CPU
		{FA72746E-9D56-4F5B-AD56-4A79151FC171}.Release|iPhone.Deploy.0 = Release|Any CPU
		{FA72746E-9D56-4F5B-AD56-4A79151FC171}.Release|iPhoneSimulator.ActiveCfg = Release|Any CPU
		{FA72746E-9D56-4F5B-AD56-4A79151FC171}.Release|iPhoneSimulator.Build.0 = Release|Any CPU
		{FA72746E-9D56-4F5B-AD56-4A79151FC171}.Release|iPhoneSimulator.Deploy.0 = Release|Any CPU
		{7D939DCF-C631-450F-BB05-6E51878F2AA3}.Ad-Hoc|Any CPU.ActiveCfg = Release|Any CPU
		{7D939DCF-C631-450F-BB05-6E51878F2AA3}.Ad-Hoc|Any CPU.Build.0 = Release|Any CPU
		{7D939DCF-C631-450F-BB05-6E51878F2AA3}.Ad-Hoc|iPhone.ActiveCfg = Release|Any CPU
		{7D939DCF-C631-450F-BB05-6E51878F2AA3}.Ad-Hoc|iPhone.Build.0 = Release|Any CPU
		{7D939DCF-C631-450F-BB05-6E51878F2AA3}.Ad-Hoc|iPhoneSimulator.ActiveCfg = Release|Any CPU
		{7D939DCF-C631-450F-BB05-6E51878F2AA3}.Ad-Hoc|iPhoneSimulator.Build.0 = Release|Any CPU
		{7D939DCF-C631-450F-BB05-6E51878F2AA3}.AppStore|Any CPU.ActiveCfg = Release|Any CPU
		{7D939DCF-C631-450F-BB05-6E51878F2AA3}.AppStore|Any CPU.Build.0 = Release|Any CPU
		{7D939DCF-C631-450F-BB05-6E51878F2AA3}.AppStore|iPhone.ActiveCfg = Release|Any CPU
		{7D939DCF-C631-450F-BB05-6E51878F2AA3}.AppStore|iPhone.Build.0 = Release|Any CPU
		{7D939DCF-C631-450F-BB05-6E51878F2AA3}.AppStore|iPhoneSimulator.ActiveCfg = Release|Any CPU
		{7D939DCF-C631-450F-BB05-6E51878F2AA3}.AppStore|iPhoneSimulator.Build.0 = Release|Any CPU
		{7D939DCF-C631-450F-BB05-6E51878F2AA3}.Debug|Any CPU.ActiveCfg = Debug|Any CPU
		{7D939DCF-C631-450F-BB05-6E51878F2AA3}.Debug|Any CPU.Build.0 = Debug|Any CPU
		{7D939DCF-C631-450F-BB05-6E51878F2AA3}.Debug|iPhone.ActiveCfg = Debug|Any CPU
		{7D939DCF-C631-450F-BB05-6E51878F2AA3}.Debug|iPhone.Build.0 = Debug|Any CPU
		{7D939DCF-C631-450F-BB05-6E51878F2AA3}.Debug|iPhoneSimulator.ActiveCfg = Debug|Any CPU
		{7D939DCF-C631-450F-BB05-6E51878F2AA3}.Debug|iPhoneSimulator.Build.0 = Debug|Any CPU
		{7D939DCF-C631-450F-BB05-6E51878F2AA3}.Release|Any CPU.ActiveCfg = Release|Any CPU
		{7D939DCF-C631-450F-BB05-6E51878F2AA3}.Release|Any CPU.Build.0 = Release|Any CPU
		{7D939DCF-C631-450F-BB05-6E51878F2AA3}.Release|iPhone.ActiveCfg = Release|Any CPU
		{7D939DCF-C631-450F-BB05-6E51878F2AA3}.Release|iPhone.Build.0 = Release|Any CPU
		{7D939DCF-C631-450F-BB05-6E51878F2AA3}.Release|iPhoneSimulator.ActiveCfg = Release|Any CPU
		{7D939DCF-C631-450F-BB05-6E51878F2AA3}.Release|iPhoneSimulator.Build.0 = Release|Any CPU
		{F504383C-4240-4AD6-85E3-DB3293A58B4D}.Ad-Hoc|Any CPU.ActiveCfg = Ad-Hoc|iPhone
		{F504383C-4240-4AD6-85E3-DB3293A58B4D}.Ad-Hoc|iPhone.ActiveCfg = Ad-Hoc|iPhone
		{F504383C-4240-4AD6-85E3-DB3293A58B4D}.Ad-Hoc|iPhone.Build.0 = Ad-Hoc|iPhone
		{F504383C-4240-4AD6-85E3-DB3293A58B4D}.Ad-Hoc|iPhoneSimulator.ActiveCfg = Ad-Hoc|iPhoneSimulator
		{F504383C-4240-4AD6-85E3-DB3293A58B4D}.Ad-Hoc|iPhoneSimulator.Build.0 = Ad-Hoc|iPhoneSimulator
		{F504383C-4240-4AD6-85E3-DB3293A58B4D}.AppStore|Any CPU.ActiveCfg = AppStore|iPhone
		{F504383C-4240-4AD6-85E3-DB3293A58B4D}.AppStore|iPhone.ActiveCfg = AppStore|iPhone
		{F504383C-4240-4AD6-85E3-DB3293A58B4D}.AppStore|iPhone.Build.0 = AppStore|iPhone
		{F504383C-4240-4AD6-85E3-DB3293A58B4D}.AppStore|iPhoneSimulator.ActiveCfg = AppStore|iPhoneSimulator
		{F504383C-4240-4AD6-85E3-DB3293A58B4D}.AppStore|iPhoneSimulator.Build.0 = AppStore|iPhoneSimulator
		{F504383C-4240-4AD6-85E3-DB3293A58B4D}.Debug|Any CPU.ActiveCfg = Debug|iPhone
		{F504383C-4240-4AD6-85E3-DB3293A58B4D}.Debug|iPhone.ActiveCfg = Debug|iPhone
		{F504383C-4240-4AD6-85E3-DB3293A58B4D}.Debug|iPhone.Build.0 = Debug|iPhone
		{F504383C-4240-4AD6-85E3-DB3293A58B4D}.Debug|iPhoneSimulator.ActiveCfg = Debug|iPhoneSimulator
		{F504383C-4240-4AD6-85E3-DB3293A58B4D}.Debug|iPhoneSimulator.Build.0 = Debug|iPhoneSimulator
		{F504383C-4240-4AD6-85E3-DB3293A58B4D}.Release|Any CPU.ActiveCfg = Release|iPhone
		{F504383C-4240-4AD6-85E3-DB3293A58B4D}.Release|iPhone.ActiveCfg = Release|iPhone
		{F504383C-4240-4AD6-85E3-DB3293A58B4D}.Release|iPhone.Build.0 = Release|iPhone
		{F504383C-4240-4AD6-85E3-DB3293A58B4D}.Release|iPhoneSimulator.ActiveCfg = Release|iPhoneSimulator
		{F504383C-4240-4AD6-85E3-DB3293A58B4D}.Release|iPhoneSimulator.Build.0 = Release|iPhoneSimulator
		{1CF9A7F1-6B73-4F6E-8992-7C7B22BBDF4E}.Ad-Hoc|Any CPU.ActiveCfg = Release|Any CPU
		{1CF9A7F1-6B73-4F6E-8992-7C7B22BBDF4E}.Ad-Hoc|Any CPU.Build.0 = Release|Any CPU
		{1CF9A7F1-6B73-4F6E-8992-7C7B22BBDF4E}.Ad-Hoc|iPhone.ActiveCfg = Release|Any CPU
		{1CF9A7F1-6B73-4F6E-8992-7C7B22BBDF4E}.Ad-Hoc|iPhone.Build.0 = Release|Any CPU
		{1CF9A7F1-6B73-4F6E-8992-7C7B22BBDF4E}.Ad-Hoc|iPhoneSimulator.ActiveCfg = Release|Any CPU
		{1CF9A7F1-6B73-4F6E-8992-7C7B22BBDF4E}.Ad-Hoc|iPhoneSimulator.Build.0 = Release|Any CPU
		{1CF9A7F1-6B73-4F6E-8992-7C7B22BBDF4E}.AppStore|Any CPU.ActiveCfg = Release|Any CPU
		{1CF9A7F1-6B73-4F6E-8992-7C7B22BBDF4E}.AppStore|Any CPU.Build.0 = Release|Any CPU
		{1CF9A7F1-6B73-4F6E-8992-7C7B22BBDF4E}.AppStore|iPhone.ActiveCfg = Release|Any CPU
		{1CF9A7F1-6B73-4F6E-8992-7C7B22BBDF4E}.AppStore|iPhone.Build.0 = Release|Any CPU
		{1CF9A7F1-6B73-4F6E-8992-7C7B22BBDF4E}.AppStore|iPhoneSimulator.ActiveCfg = Release|Any CPU
		{1CF9A7F1-6B73-4F6E-8992-7C7B22BBDF4E}.AppStore|iPhoneSimulator.Build.0 = Release|Any CPU
		{1CF9A7F1-6B73-4F6E-8992-7C7B22BBDF4E}.Debug|Any CPU.ActiveCfg = Debug|Any CPU
		{1CF9A7F1-6B73-4F6E-8992-7C7B22BBDF4E}.Debug|Any CPU.Build.0 = Debug|Any CPU
		{1CF9A7F1-6B73-4F6E-8992-7C7B22BBDF4E}.Debug|iPhone.ActiveCfg = Debug|Any CPU
		{1CF9A7F1-6B73-4F6E-8992-7C7B22BBDF4E}.Debug|iPhone.Build.0 = Debug|Any CPU
		{1CF9A7F1-6B73-4F6E-8992-7C7B22BBDF4E}.Debug|iPhoneSimulator.ActiveCfg = Debug|Any CPU
		{1CF9A7F1-6B73-4F6E-8992-7C7B22BBDF4E}.Debug|iPhoneSimulator.Build.0 = Debug|Any CPU
		{1CF9A7F1-6B73-4F6E-8992-7C7B22BBDF4E}.Release|Any CPU.ActiveCfg = Release|Any CPU
		{1CF9A7F1-6B73-4F6E-8992-7C7B22BBDF4E}.Release|Any CPU.Build.0 = Release|Any CPU
		{1CF9A7F1-6B73-4F6E-8992-7C7B22BBDF4E}.Release|iPhone.ActiveCfg = Release|Any CPU
		{1CF9A7F1-6B73-4F6E-8992-7C7B22BBDF4E}.Release|iPhone.Build.0 = Release|Any CPU
		{1CF9A7F1-6B73-4F6E-8992-7C7B22BBDF4E}.Release|iPhoneSimulator.ActiveCfg = Release|Any CPU
		{1CF9A7F1-6B73-4F6E-8992-7C7B22BBDF4E}.Release|iPhoneSimulator.Build.0 = Release|Any CPU
	EndGlobalSection
	GlobalSection(SolutionProperties) = preSolution
		HideSolutionNode = FALSE
	EndGlobalSection
	GlobalSection(ExtensibilityGlobals) = postSolution
		SolutionGuid = {E2BC9535-5430-4925-8DEB-6810C97484A4}
	EndGlobalSection
EndGlobal
